
Microsoft Visual Studio Solution File, Format Version 11.00
# Visual Studio 2010
Project("{FAE04EC0-301F-11D3-BF4B-00C04F79EFBC}") = "Assembly-CSharp", "Assembly-CSharp.csproj", "{93be5166-5d6e-d291-8296-ef5312a6acbe}"
EndProject
Project("{FAE04EC0-301F-11D3-BF4B-00C04F79EFBC}") = "UnityEngine.TestRunner", "UnityEngine.TestRunner.csproj", "{90cc403f-3f14-b5f6-6698-9dccd7c32b01}"
EndProject
Project("{FAE04EC0-301F-11D3-BF4B-00C04F79EFBC}") = "Unity.VisualScripting.Flow", "Unity.VisualScripting.Flow.csproj", "{08dcce76-e584-fe7c-9a0a-096dbc301181}"
EndProject
Project("{FAE04EC0-301F-11D3-BF4B-00C04F79EFBC}") = "Unity.VisualScripting.State", "Unity.VisualScripting.State.csproj", "{40240f95-9e4c-3a7f-04c5-9c5ccc5fe94f}"
EndProject
Project("{FAE04EC0-301F-11D3-BF4B-00C04F79EFBC}") = "Unity.VisualScripting.Core", "Unity.VisualScripting.Core.csproj", "{4c07a2e1-a5f5-fe23-32b4-13b99b04664f}"
EndProject
Project("{FAE04EC0-301F-11D3-BF4B-00C04F79EFBC}") = "Unity.TextMeshPro", "Unity.TextMeshPro.csproj", "{64e6eda9-78a7-8f05-41fa-4aaa2644cba4}"
EndProject
Project("{FAE04EC0-301F-11D3-BF4B-00C04F79EFBC}") = "Unity.Timeline", "Unity.Timeline.csproj", "{4cc39d14-3de4-7768-8b5a-482890d907ee}"
EndProject
Project("{FAE04EC0-301F-11D3-BF4B-00C04F79EFBC}") = "Unity.2D.Tilemap.Extras", "Unity.2D.Tilemap.Extras.csproj", "{680eadc2-60cb-1db7-a33d-bd116d60ffa6}"
EndProject
Project("{FAE04EC0-301F-11D3-BF4B-00C04F79EFBC}") = "Unity.Mathematics", "Unity.Mathematics.csproj", "{2f203d39-b0bd-9637-6535-daa0755250c0}"
EndProject
Project("{FAE04EC0-301F-11D3-BF4B-00C04F79EFBC}") = "Unity.2D.PixelPerfect", "Unity.2D.PixelPerfect.csproj", "{00100ce7-7532-5ba9-2890-19a5c6953851}"
EndProject
Project("{FAE04EC0-301F-11D3-BF4B-00C04F79EFBC}") = "Unity.Burst", "Unity.Burst.csproj", "{7c63eea1-1578-278e-a636-0df337a95d8d}"
EndProject
Project("{FAE04EC0-301F-11D3-BF4B-00C04F79EFBC}") = "Unity.2D.Animation.Runtime", "Unity.2D.Animation.Runtime.csproj", "{6a0d3d57-1468-2a21-4202-f10b98c836ff}"
EndProject
Project("{FAE04EC0-301F-11D3-BF4B-00C04F79EFBC}") = "Unity.2D.IK.Runtime", "Unity.2D.IK.Runtime.csproj", "{3745524c-795e-d63c-67fb-27b466efe954}"
EndProject
Project("{FAE04EC0-301F-11D3-BF4B-00C04F79EFBC}") = "Unity.2D.Common.Runtime", "Unity.2D.Common.Runtime.csproj", "{4af7b97b-c3e1-8f5d-1f9d-30ca1cb06483}"
EndProject
Project("{FAE04EC0-301F-11D3-BF4B-00C04F79EFBC}") = "Unity.2D.SpriteShape.Runtime", "Unity.2D.SpriteShape.Runtime.csproj", "{7706d651-6914-09f6-3230-736292523064}"
EndProject
Project("{FAE04EC0-301F-11D3-BF4B-00C04F79EFBC}") = "Unity.InternalAPIEngineBridge.001", "Unity.InternalAPIEngineBridge.001.csproj", "{9a4ab233-b92a-1420-9b39-96e2b69260f2}"
EndProject
Project("{FAE04EC0-301F-11D3-BF4B-00C04F79EFBC}") = "Unity.PlasticSCM.Editor", "Unity.PlasticSCM.Editor.csproj", "{8884e9c9-b225-0cb5-a503-58d7f55d7119}"
EndProject
Project("{FAE04EC0-301F-11D3-BF4B-00C04F79EFBC}") = "Unity.VisualScripting.Core.Editor", "Unity.VisualScripting.Core.Editor.csproj", "{ecb71faf-872a-1a82-ba6c-79c03c256bb9}"
EndProject
Project("{FAE04EC0-301F-11D3-BF4B-00C04F79EFBC}") = "Unity.VisualScripting.Flow.Editor", "Unity.VisualScripting.Flow.Editor.csproj", "{1facc17b-cf44-95a9-dc99-b12f4de3239c}"
EndProject
Project("{FAE04EC0-301F-11D3-BF4B-00C04F79EFBC}") = "Unity.VisualStudio.Editor", "Unity.VisualStudio.Editor.csproj", "{8e92163b-ea59-9e77-4c1a-73d5779a8930}"
EndProject
Project("{FAE04EC0-301F-11D3-BF4B-00C04F79EFBC}") = "Unity.Timeline.Editor", "Unity.Timeline.Editor.csproj", "{e860d5a6-6be9-83e4-2d5c-e3df92e0e4bb}"
EndProject
Project("{FAE04EC0-301F-11D3-BF4B-00C04F79EFBC}") = "Assembly-CSharp-Editor", "Assembly-CSharp-Editor.csproj", "{7d8b7159-4702-c700-4ed3-23aa4e1f2826}"
EndProject
Project("{FAE04EC0-301F-11D3-BF4B-00C04F79EFBC}") = "Unity.VisualScripting.State.Editor", "Unity.VisualScripting.State.Editor.csproj", "{f331d65b-4fe8-7aac-6622-d383b526aa78}"
EndProject
Project("{FAE04EC0-301F-11D3-BF4B-00C04F79EFBC}") = "Unity.TextMeshPro.Editor", "Unity.TextMeshPro.Editor.csproj", "{a1dd2f07-4fb3-1a79-ee11-b3895f31d421}"
EndProject
Project("{FAE04EC0-301F-11D3-BF4B-00C04F79EFBC}") = "Unity.VisualScripting.SettingsProvider.Editor", "Unity.VisualScripting.SettingsProvider.Editor.csproj", "{ca78fe59-eb85-659c-299d-f15000846ef6}"
EndProject
Project("{FAE04EC0-301F-11D3-BF4B-00C04F79EFBC}") = "UnityEditor.TestRunner", "UnityEditor.TestRunner.csproj", "{b91a1c07-88d6-da82-0953-16bcaad62d8b}"
EndProject
Project("{FAE04EC0-301F-11D3-BF4B-00C04F79EFBC}") = "Unity.TestTools.CodeCoverage.Editor", "Unity.TestTools.CodeCoverage.Editor.csproj", "{dfa778d9-7564-7d03-ad3a-36160a3df4ff}"
EndProject
Project("{FAE04EC0-301F-11D3-BF4B-00C04F79EFBC}") = "Unity.Rider.Editor", "Unity.Rider.Editor.csproj", "{578c0976-6bf8-80e7-de85-56d6cfbbc15e}"
EndProject
Project("{FAE04EC0-301F-11D3-BF4B-00C04F79EFBC}") = "Unity.Performance.Profile-Analyzer.Editor", "Unity.Performance.Profile-Analyzer.Editor.csproj", "{0df02d20-2376-b5f9-48b0-354c0b596f51}"
EndProject
Project("{FAE04EC0-301F-11D3-BF4B-00C04F79EFBC}") = "Unity.SysrootPackage.Editor", "Unity.SysrootPackage.Editor.csproj", "{e4928a05-b855-c85e-9b2c-d87e15e085c6}"
EndProject
Project("{FAE04EC0-301F-11D3-BF4B-00C04F79EFBC}") = "Unity.VSCode.Editor", "Unity.VSCode.Editor.csproj", "{8c2e5a64-9ebe-593b-a524-f7f3864f69cd}"
EndProject
Project("{FAE04EC0-301F-11D3-BF4B-00C04F79EFBC}") = "Unity.Toolchain.Win-x86_64-Linux-x86_64", "Unity.Toolchain.Win-x86_64-Linux-x86_64.csproj", "{20a155f2-c152-97f0-6539-9493d4aeac37}"
EndProject
Project("{FAE04EC0-301F-11D3-BF4B-00C04F79EFBC}") = "Unity.TestTools.CodeCoverage.Editor.OpenCover.Model", "Unity.TestTools.CodeCoverage.Editor.OpenCover.Model.csproj", "{86a48b92-32ca-3d2f-7f78-efd1e4cec167}"
EndProject
Project("{FAE04EC0-301F-11D3-BF4B-00C04F79EFBC}") = "Unity.EditorCoroutines.Editor", "Unity.EditorCoroutines.Editor.csproj", "{c3ee2d34-800f-c905-668f-4c7e07df4e3c}"
EndProject
Project("{FAE04EC0-301F-11D3-BF4B-00C04F79EFBC}") = "Unity.Settings.Editor", "Unity.Settings.Editor.csproj", "{b3a18a04-5754-fed8-a523-3f66ad872b65}"
EndProject
Project("{FAE04EC0-301F-11D3-BF4B-00C04F79EFBC}") = "Unity.CollabProxy.Editor", "Unity.CollabProxy.Editor.csproj", "{308ce564-d04e-5773-55c1-ce45a034d360}"
EndProject
Project("{FAE04EC0-301F-11D3-BF4B-00C04F79EFBC}") = "Unity.2D.Tilemap.Extras.Editor", "Unity.2D.Tilemap.Extras.Editor.csproj", "{cbea0cff-4da3-8977-fdd1-d3797aa8161d}"
EndProject
Project("{FAE04EC0-301F-11D3-BF4B-00C04F79EFBC}") = "Unity.TestTools.CodeCoverage.Editor.OpenCover.Mono.Reflection", "Unity.TestTools.CodeCoverage.Editor.OpenCover.Mono.Reflection.csproj", "{81aad565-07fa-5dd7-871a-ec5d0a9af3f7}"
EndProject
Project("{FAE04EC0-301F-11D3-BF4B-00C04F79EFBC}") = "Unity.Sysroot.Linux_x86_64", "Unity.Sysroot.Linux_x86_64.csproj", "{ae3a9f85-4c7c-a9b3-9ffd-bfaf638b3d79}"
EndProject
Project("{FAE04EC0-301F-11D3-BF4B-00C04F79EFBC}") = "Unity.VisualScripting.Shared.Editor", "Unity.VisualScripting.Shared.Editor.csproj", "{129bc9cb-4d3d-ab14-a024-ae473609137a}"
EndProject
Project("{FAE04EC0-301F-11D3-BF4B-00C04F79EFBC}") = "Unity.2D.Psdimporter.Editor", "Unity.2D.Psdimporter.Editor.csproj", "{2adda633-5bc8-74d9-0ece-102900a2ef55}"
EndProject
Project("{FAE04EC0-301F-11D3-BF4B-00C04F79EFBC}") = "Unity.2D.Animation.Editor", "Unity.2D.Animation.Editor.csproj", "{5531e168-25b1-78ec-51c0-846c38c902af}"
EndProject
Project("{FAE04EC0-301F-11D3-BF4B-00C04F79EFBC}") = "PsdPlugin", "PsdPlugin.csproj", "{630114c8-ad42-f80b-31bc-1f78ec7ac35a}"
EndProject
Project("{FAE04EC0-301F-11D3-BF4B-00C04F79EFBC}") = "Unity.2D.IK.Editor", "Unity.2D.IK.Editor.csproj", "{995d5041-be0f-b7e9-03a6-68459417f4f9}"
EndProject
Project("{FAE04EC0-301F-11D3-BF4B-00C04F79EFBC}") = "Unity.2D.SpriteShape.Editor", "Unity.2D.SpriteShape.Editor.csproj", "{e20c2af7-ddda-c129-388f-b2bfc34ec567}"
EndProject
Project("{FAE04EC0-301F-11D3-BF4B-00C04F79EFBC}") = "Unity.2D.PixelPerfect.Editor", "Unity.2D.PixelPerfect.Editor.csproj", "{36437be4-a0e8-1656-9d8a-3f5df469a4b0}"
EndProject
Project("{FAE04EC0-301F-11D3-BF4B-00C04F79EFBC}") = "Unity.2D.Path.Editor", "Unity.2D.Path.Editor.csproj", "{f61177a5-ab40-9d9c-2b07-8c7b91722a41}"
EndProject
Project("{FAE04EC0-301F-11D3-BF4B-00C04F79EFBC}") = "Unity.Burst.Editor", "Unity.Burst.Editor.csproj", "{ecbfdcbe-f4ff-715f-2e7f-b026c9bf1505}"
EndProject
Project("{FAE04EC0-301F-11D3-BF4B-00C04F79EFBC}") = "Unity.Burst.CodeGen", "Unity.Burst.CodeGen.csproj", "{eb256325-7f60-d57c-e917-a1ebff35d204}"
EndProject
Project("{FAE04EC0-301F-11D3-BF4B-00C04F79EFBC}") = "Unity.InternalAPIEditorBridge.001", "Unity.InternalAPIEditorBridge.001.csproj", "{7dfe8180-2460-d9d5-607b-b33cee7d9055}"
EndProject
Project("{FAE04EC0-301F-11D3-BF4B-00C04F79EFBC}") = "Unity.2D.Common.Editor", "Unity.2D.Common.Editor.csproj", "{2e2d86dd-bdee-796b-4061-29b7c58e0a43}"
EndProject
Project("{FAE04EC0-301F-11D3-BF4B-00C04F79EFBC}") = "Unity.Mathematics.Editor", "Unity.Mathematics.Editor.csproj", "{70fb3ee6-c562-0657-53ec-47c65c28a880}"
EndProject
Project("{FAE04EC0-301F-11D3-BF4B-00C04F79EFBC}") = "Unity.Burst.Tests.UnitTests", "Unity.Burst.Tests.UnitTests.csproj", "{dc234a72-c97a-1ae8-60f4-46c26e79cb21}"
EndProject
Project("{FAE04EC0-301F-11D3-BF4B-00C04F79EFBC}") = "Unity.Mathematics.Tests", "Unity.Mathematics.Tests.csproj", "{86fbe3ed-699a-e01a-aa9f-fc2d046fec92}"
EndProject
Project("{FAE04EC0-301F-11D3-BF4B-00C04F79EFBC}") = "Unity.TextMeshPro.Tests", "Unity.TextMeshPro.Tests.csproj", "{32f8f62a-96be-abfb-f30c-ae5b8658f6d8}"
EndProject
Project("{FAE04EC0-301F-11D3-BF4B-00C04F79EFBC}") = "Unity.2D.Path.Tests", "Unity.2D.Path.Tests.csproj", "{c3e21d9f-9949-4b64-8ee9-390d50a27a81}"
EndProject
Project("{FAE04EC0-301F-11D3-BF4B-00C04F79EFBC}") = "Unity.2D.PixelPerfect.EditorTests", "Unity.2D.PixelPerfect.EditorTests.csproj", "{ecbbca97-75a7-fcce-b9de-da2caecdfe8d}"
EndProject
Project("{FAE04EC0-301F-11D3-BF4B-00C04F79EFBC}") = "Unity.Burst.Editor.Tests", "Unity.Burst.Editor.Tests.csproj", "{ed97bb7c-262d-e417-b43d-c8dcb3f130bd}"
EndProject
Project("{FAE04EC0-301F-11D3-BF4B-00C04F79EFBC}") = "Unity.Toolchain.Win-x86_64-Linux-x86_64.EditorTests", "Unity.Toolchain.Win-x86_64-Linux-x86_64.EditorTests.csproj", "{ee39aea8-85b7-b4e9-70f7-96e0bc1e8fd3}"
EndProject
Project("{FAE04EC0-301F-11D3-BF4B-00C04F79EFBC}") = "Unity.2D.SpriteShape.EditorTests", "Unity.2D.SpriteShape.EditorTests.csproj", "{3c8b46da-c48b-1e71-b86b-f96440f53413}"
EndProject
Project("{FAE04EC0-301F-11D3-BF4B-00C04F79EFBC}") = "Unity.2D.Common.EditorTests", "Unity.2D.Common.EditorTests.csproj", "{36e38447-d390-c7b1-ec21-5fcfc08b5f7c}"
EndProject
Project("{FAE04EC0-301F-11D3-BF4B-00C04F79EFBC}") = "Unity.2D.Psdimporter.EditorTests", "Unity.2D.Psdimporter.EditorTests.csproj", "{2726a5eb-48ec-ff6c-7a8c-81dd9094e1d5}"
EndProject
Project("{FAE04EC0-301F-11D3-BF4B-00C04F79EFBC}") = "DocCodeExamples", "DocCodeExamples.csproj", "{76567d37-2ab5-f84d-12c8-ef055793ce2f}"
EndProject
Project("{FAE04EC0-301F-11D3-BF4B-00C04F79EFBC}") = "Unity.Sysroot.Linux_x86_64.EditorTests", "Unity.Sysroot.Linux_x86_64.EditorTests.csproj", "{c56fd761-981d-5c07-d5ac-a68bd8fc04f2}"
EndProject
Project("{FAE04EC0-301F-11D3-BF4B-00C04F79EFBC}") = "Unity.TestTools.CodeCoverage.Editor.Compatibility", "Unity.TestTools.CodeCoverage.Editor.Compatibility.csproj", "{ab75a9aa-82ad-98b3-9fed-b5085f6c23b2}"
EndProject
Project("{FAE04EC0-301F-11D3-BF4B-00C04F79EFBC}") = "Unity.TextMeshPro.Editor.Tests", "Unity.TextMeshPro.Editor.Tests.csproj", "{bd353166-e5b2-fc49-fdf1-6c087514a146}"
EndProject
Project("{FAE04EC0-301F-11D3-BF4B-00C04F79EFBC}") = "Unity.Settings.Tests", "Unity.Settings.Tests.csproj", "{3a7d38e6-891a-8b11-eeab-2770e0b4cb47}"
EndProject
Project("{FAE04EC0-301F-11D3-BF4B-00C04F79EFBC}") = "Unity.2D.Tilemap.Extras.Placeholder.EditorTests", "Unity.2D.Tilemap.Extras.Placeholder.EditorTests.csproj", "{b11af874-c183-b1d2-75fa-6f47cd6be161}"
EndProject
Project("{FAE04EC0-301F-11D3-BF4B-00C04F79EFBC}") = "Unity.Performance.Profile-Analyzer.EditorTests", "Unity.Performance.Profile-Analyzer.EditorTests.csproj", "{0a59cd57-87b8-ce61-b683-a805f96cb652}"
EndProject
Project("{FAE04EC0-301F-11D3-BF4B-00C04F79EFBC}") = "Unity.2D.Animation.EditorTests", "Unity.2D.Animation.EditorTests.csproj", "{20988caf-6676-0c0a-befb-437affde4785}"
EndProject
Project("{FAE04EC0-301F-11D3-BF4B-00C04F79EFBC}") = "SeparateAssembly", "SeparateAssembly.csproj", "{1de4db39-6220-4803-53f6-14ff3d5656eb}"
EndProject
Project("{FAE04EC0-301F-11D3-BF4B-00C04F79EFBC}") = "Unity.Sysroot.EditorTests", "Unity.Sysroot.EditorTests.csproj", "{215f1925-f106-0859-2ba4-2c4ca9e3ef0b}"
EndProject
Global
	GlobalSection(SolutionConfigurationPlatforms) = preSolution
		Debug|Any CPU = Debug|Any CPU
	EndGlobalSection
	GlobalSection(ProjectConfigurationPlatforms) = postSolution
		{93be5166-5d6e-d291-8296-ef5312a6acbe}.Debug|Any CPU.ActiveCfg = Debug|Any CPU
		{93be5166-5d6e-d291-8296-ef5312a6acbe}.Debug|Any CPU.Build.0 = Debug|Any CPU
		{90cc403f-3f14-b5f6-6698-9dccd7c32b01}.Debug|Any CPU.ActiveCfg = Debug|Any CPU
		{90cc403f-3f14-b5f6-6698-9dccd7c32b01}.Debug|Any CPU.Build.0 = Debug|Any CPU
		{08dcce76-e584-fe7c-9a0a-096dbc301181}.Debug|Any CPU.ActiveCfg = Debug|Any CPU
		{08dcce76-e584-fe7c-9a0a-096dbc301181}.Debug|Any CPU.Build.0 = Debug|Any CPU
		{40240f95-9e4c-3a7f-04c5-9c5ccc5fe94f}.Debug|Any CPU.ActiveCfg = Debug|Any CPU
		{40240f95-9e4c-3a7f-04c5-9c5ccc5fe94f}.Debug|Any CPU.Build.0 = Debug|Any CPU
		{4c07a2e1-a5f5-fe23-32b4-13b99b04664f}.Debug|Any CPU.ActiveCfg = Debug|Any CPU
		{4c07a2e1-a5f5-fe23-32b4-13b99b04664f}.Debug|Any CPU.Build.0 = Debug|Any CPU
		{64e6eda9-78a7-8f05-41fa-4aaa2644cba4}.Debug|Any CPU.ActiveCfg = Debug|Any CPU
		{64e6eda9-78a7-8f05-41fa-4aaa2644cba4}.Debug|Any CPU.Build.0 = Debug|Any CPU
		{4cc39d14-3de4-7768-8b5a-482890d907ee}.Debug|Any CPU.ActiveCfg = Debug|Any CPU
		{4cc39d14-3de4-7768-8b5a-482890d907ee}.Debug|Any CPU.Build.0 = Debug|Any CPU
		{680eadc2-60cb-1db7-a33d-bd116d60ffa6}.Debug|Any CPU.ActiveCfg = Debug|Any CPU
		{680eadc2-60cb-1db7-a33d-bd116d60ffa6}.Debug|Any CPU.Build.0 = Debug|Any CPU
		{2f203d39-b0bd-9637-6535-daa0755250c0}.Debug|Any CPU.ActiveCfg = Debug|Any CPU
		{2f203d39-b0bd-9637-6535-daa0755250c0}.Debug|Any CPU.Build.0 = Debug|Any CPU
		{00100ce7-7532-5ba9-2890-19a5c6953851}.Debug|Any CPU.ActiveCfg = Debug|Any CPU
		{00100ce7-7532-5ba9-2890-19a5c6953851}.Debug|Any CPU.Build.0 = Debug|Any CPU
		{7c63eea1-1578-278e-a636-0df337a95d8d}.Debug|Any CPU.ActiveCfg = Debug|Any CPU
		{7c63eea1-1578-278e-a636-0df337a95d8d}.Debug|Any CPU.Build.0 = Debug|Any CPU
		{6a0d3d57-1468-2a21-4202-f10b98c836ff}.Debug|Any CPU.ActiveCfg = Debug|Any CPU
		{6a0d3d57-1468-2a21-4202-f10b98c836ff}.Debug|Any CPU.Build.0 = Debug|Any CPU
		{3745524c-795e-d63c-67fb-27b466efe954}.Debug|Any CPU.ActiveCfg = Debug|Any CPU
		{3745524c-795e-d63c-67fb-27b466efe954}.Debug|Any CPU.Build.0 = Debug|Any CPU
		{4af7b97b-c3e1-8f5d-1f9d-30ca1cb06483}.Debug|Any CPU.ActiveCfg = Debug|Any CPU
		{4af7b97b-c3e1-8f5d-1f9d-30ca1cb06483}.Debug|Any CPU.Build.0 = Debug|Any CPU
		{7706d651-6914-09f6-3230-736292523064}.Debug|Any CPU.ActiveCfg = Debug|Any CPU
		{7706d651-6914-09f6-3230-736292523064}.Debug|Any CPU.Build.0 = Debug|Any CPU
		{9a4ab233-b92a-1420-9b39-96e2b69260f2}.Debug|Any CPU.ActiveCfg = Debug|Any CPU
		{9a4ab233-b92a-1420-9b39-96e2b69260f2}.Debug|Any CPU.Build.0 = Debug|Any CPU
		{8884e9c9-b225-0cb5-a503-58d7f55d7119}.Debug|Any CPU.ActiveCfg = Debug|Any CPU
		{8884e9c9-b225-0cb5-a503-58d7f55d7119}.Debug|Any CPU.Build.0 = Debug|Any CPU
		{ecb71faf-872a-1a82-ba6c-79c03c256bb9}.Debug|Any CPU.ActiveCfg = Debug|Any CPU
		{ecb71faf-872a-1a82-ba6c-79c03c256bb9}.Debug|Any CPU.Build.0 = Debug|Any CPU
		{1facc17b-cf44-95a9-dc99-b12f4de3239c}.Debug|Any CPU.ActiveCfg = Debug|Any CPU
		{1facc17b-cf44-95a9-dc99-b12f4de3239c}.Debug|Any CPU.Build.0 = Debug|Any CPU
		{8e92163b-ea59-9e77-4c1a-73d5779a8930}.Debug|Any CPU.ActiveCfg = Debug|Any CPU
		{8e92163b-ea59-9e77-4c1a-73d5779a8930}.Debug|Any CPU.Build.0 = Debug|Any CPU
		{e860d5a6-6be9-83e4-2d5c-e3df92e0e4bb}.Debug|Any CPU.ActiveCfg = Debug|Any CPU
		{e860d5a6-6be9-83e4-2d5c-e3df92e0e4bb}.Debug|Any CPU.Build.0 = Debug|Any CPU
		{7d8b7159-4702-c700-4ed3-23aa4e1f2826}.Debug|Any CPU.ActiveCfg = Debug|Any CPU
		{7d8b7159-4702-c700-4ed3-23aa4e1f2826}.Debug|Any CPU.Build.0 = Debug|Any CPU
		{f331d65b-4fe8-7aac-6622-d383b526aa78}.Debug|Any CPU.ActiveCfg = Debug|Any CPU
		{f331d65b-4fe8-7aac-6622-d383b526aa78}.Debug|Any CPU.Build.0 = Debug|Any CPU
		{a1dd2f07-4fb3-1a79-ee11-b3895f31d421}.Debug|Any CPU.ActiveCfg = Debug|Any CPU
		{a1dd2f07-4fb3-1a79-ee11-b3895f31d421}.Debug|Any CPU.Build.0 = Debug|Any CPU
		{ca78fe59-eb85-659c-299d-f15000846ef6}.Debug|Any CPU.ActiveCfg = Debug|Any CPU
		{ca78fe59-eb85-659c-299d-f15000846ef6}.Debug|Any CPU.Build.0 = Debug|Any CPU
		{b91a1c07-88d6-da82-0953-16bcaad62d8b}.Debug|Any CPU.ActiveCfg = Debug|Any CPU
		{b91a1c07-88d6-da82-0953-16bcaad62d8b}.Debug|Any CPU.Build.0 = Debug|Any CPU
		{dfa778d9-7564-7d03-ad3a-36160a3df4ff}.Debug|Any CPU.ActiveCfg = Debug|Any CPU
		{dfa778d9-7564-7d03-ad3a-36160a3df4ff}.Debug|Any CPU.Build.0 = Debug|Any CPU
		{578c0976-6bf8-80e7-de85-56d6cfbbc15e}.Debug|Any CPU.ActiveCfg = Debug|Any CPU
		{578c0976-6bf8-80e7-de85-56d6cfbbc15e}.Debug|Any CPU.Build.0 = Debug|Any CPU
		{0df02d20-2376-b5f9-48b0-354c0b596f51}.Debug|Any CPU.ActiveCfg = Debug|Any CPU
		{0df02d20-2376-b5f9-48b0-354c0b596f51}.Debug|Any CPU.Build.0 = Debug|Any CPU
		{e4928a05-b855-c85e-9b2c-d87e15e085c6}.Debug|Any CPU.ActiveCfg = Debug|Any CPU
		{e4928a05-b855-c85e-9b2c-d87e15e085c6}.Debug|Any CPU.Build.0 = Debug|Any CPU
		{8c2e5a64-9ebe-593b-a524-f7f3864f69cd}.Debug|Any CPU.ActiveCfg = Debug|Any CPU
		{8c2e5a64-9ebe-593b-a524-f7f3864f69cd}.Debug|Any CPU.Build.0 = Debug|Any CPU
		{20a155f2-c152-97f0-6539-9493d4aeac37}.Debug|Any CPU.ActiveCfg = Debug|Any CPU
		{20a155f2-c152-97f0-6539-9493d4aeac37}.Debug|Any CPU.Build.0 = Debug|Any CPU
		{86a48b92-32ca-3d2f-7f78-efd1e4cec167}.Debug|Any CPU.ActiveCfg = Debug|Any CPU
		{86a48b92-32ca-3d2f-7f78-efd1e4cec167}.Debug|Any CPU.Build.0 = Debug|Any CPU
		{c3ee2d34-800f-c905-668f-4c7e07df4e3c}.Debug|Any CPU.ActiveCfg = Debug|Any CPU
		{c3ee2d34-800f-c905-668f-4c7e07df4e3c}.Debug|Any CPU.Build.0 = Debug|Any CPU
		{b3a18a04-5754-fed8-a523-3f66ad872b65}.Debug|Any CPU.ActiveCfg = Debug|Any CPU
		{b3a18a04-5754-fed8-a523-3f66ad872b65}.Debug|Any CPU.Build.0 = Debug|Any CPU
		{308ce564-d04e-5773-55c1-ce45a034d360}.Debug|Any CPU.ActiveCfg = Debug|Any CPU
		{308ce564-d04e-5773-55c1-ce45a034d360}.Debug|Any CPU.Build.0 = Debug|Any CPU
		{cbea0cff-4da3-8977-fdd1-d3797aa8161d}.Debug|Any CPU.ActiveCfg = Debug|Any CPU
		{cbea0cff-4da3-8977-fdd1-d3797aa8161d}.Debug|Any CPU.Build.0 = Debug|Any CPU
		{81aad565-07fa-5dd7-871a-ec5d0a9af3f7}.Debug|Any CPU.ActiveCfg = Debug|Any CPU
		{81aad565-07fa-5dd7-871a-ec5d0a9af3f7}.Debug|Any CPU.Build.0 = Debug|Any CPU
		{ae3a9f85-4c7c-a9b3-9ffd-bfaf638b3d79}.Debug|Any CPU.ActiveCfg = Debug|Any CPU
		{ae3a9f85-4c7c-a9b3-9ffd-bfaf638b3d79}.Debug|Any CPU.Build.0 = Debug|Any CPU
		{129bc9cb-4d3d-ab14-a024-ae473609137a}.Debug|Any CPU.ActiveCfg = Debug|Any CPU
		{129bc9cb-4d3d-ab14-a024-ae473609137a}.Debug|Any CPU.Build.0 = Debug|Any CPU
		{2adda633-5bc8-74d9-0ece-102900a2ef55}.Debug|Any CPU.ActiveCfg = Debug|Any CPU
		{2adda633-5bc8-74d9-0ece-102900a2ef55}.Debug|Any CPU.Build.0 = Debug|Any CPU
		{5531e168-25b1-78ec-51c0-846c38c902af}.Debug|Any CPU.ActiveCfg = Debug|Any CPU
		{5531e168-25b1-78ec-51c0-846c38c902af}.Debug|Any CPU.Build.0 = Debug|Any CPU
		{630114c8-ad42-f80b-31bc-1f78ec7ac35a}.Debug|Any CPU.ActiveCfg = Debug|Any CPU
		{630114c8-ad42-f80b-31bc-1f78ec7ac35a}.Debug|Any CPU.Build.0 = Debug|Any CPU
		{995d5041-be0f-b7e9-03a6-68459417f4f9}.Debug|Any CPU.ActiveCfg = Debug|Any CPU
		{995d5041-be0f-b7e9-03a6-68459417f4f9}.Debug|Any CPU.Build.0 = Debug|Any CPU
		{e20c2af7-ddda-c129-388f-b2bfc34ec567}.Debug|Any CPU.ActiveCfg = Debug|Any CPU
		{e20c2af7-ddda-c129-388f-b2bfc34ec567}.Debug|Any CPU.Build.0 = Debug|Any CPU
		{36437be4-a0e8-1656-9d8a-3f5df469a4b0}.Debug|Any CPU.ActiveCfg = Debug|Any CPU
		{36437be4-a0e8-1656-9d8a-3f5df469a4b0}.Debug|Any CPU.Build.0 = Debug|Any CPU
		{f61177a5-ab40-9d9c-2b07-8c7b91722a41}.Debug|Any CPU.ActiveCfg = Debug|Any CPU
		{f61177a5-ab40-9d9c-2b07-8c7b91722a41}.Debug|Any CPU.Build.0 = Debug|Any CPU
		{ecbfdcbe-f4ff-715f-2e7f-b026c9bf1505}.Debug|Any CPU.ActiveCfg = Debug|Any CPU
		{ecbfdcbe-f4ff-715f-2e7f-b026c9bf1505}.Debug|Any CPU.Build.0 = Debug|Any CPU
		{eb256325-7f60-d57c-e917-a1ebff35d204}.Debug|Any CPU.ActiveCfg = Debug|Any CPU
		{eb256325-7f60-d57c-e917-a1ebff35d204}.Debug|Any CPU.Build.0 = Debug|Any CPU
		{7dfe8180-2460-d9d5-607b-b33cee7d9055}.Debug|Any CPU.ActiveCfg = Debug|Any CPU
		{7dfe8180-2460-d9d5-607b-b33cee7d9055}.Debug|Any CPU.Build.0 = Debug|Any CPU
		{2e2d86dd-bdee-796b-4061-29b7c58e0a43}.Debug|Any CPU.ActiveCfg = Debug|Any CPU
		{2e2d86dd-bdee-796b-4061-29b7c58e0a43}.Debug|Any CPU.Build.0 = Debug|Any CPU
		{70fb3ee6-c562-0657-53ec-47c65c28a880}.Debug|Any CPU.ActiveCfg = Debug|Any CPU
		{70fb3ee6-c562-0657-53ec-47c65c28a880}.Debug|Any CPU.Build.0 = Debug|Any CPU
		{dc234a72-c97a-1ae8-60f4-46c26e79cb21}.Debug|Any CPU.ActiveCfg = Debug|Any CPU
		{dc234a72-c97a-1ae8-60f4-46c26e79cb21}.Debug|Any CPU.Build.0 = Debug|Any CPU
		{86fbe3ed-699a-e01a-aa9f-fc2d046fec92}.Debug|Any CPU.ActiveCfg = Debug|Any CPU
		{86fbe3ed-699a-e01a-aa9f-fc2d046fec92}.Debug|Any CPU.Build.0 = Debug|Any CPU
		{32f8f62a-96be-abfb-f30c-ae5b8658f6d8}.Debug|Any CPU.ActiveCfg = Debug|Any CPU
		{32f8f62a-96be-abfb-f30c-ae5b8658f6d8}.Debug|Any CPU.Build.0 = Debug|Any CPU
		{c3e21d9f-9949-4b64-8ee9-390d50a27a81}.Debug|Any CPU.ActiveCfg = Debug|Any CPU
		{c3e21d9f-9949-4b64-8ee9-390d50a27a81}.Debug|Any CPU.Build.0 = Debug|Any CPU
		{ecbbca97-75a7-fcce-b9de-da2caecdfe8d}.Debug|Any CPU.ActiveCfg = Debug|Any CPU
		{ecbbca97-75a7-fcce-b9de-da2caecdfe8d}.Debug|Any CPU.Build.0 = Debug|Any CPU
		{ed97bb7c-262d-e417-b43d-c8dcb3f130bd}.Debug|Any CPU.ActiveCfg = Debug|Any CPU
		{ed97bb7c-262d-e417-b43d-c8dcb3f130bd}.Debug|Any CPU.Build.0 = Debug|Any CPU
		{ee39aea8-85b7-b4e9-70f7-96e0bc1e8fd3}.Debug|Any CPU.ActiveCfg = Debug|Any CPU
		{ee39aea8-85b7-b4e9-70f7-96e0bc1e8fd3}.Debug|Any CPU.Build.0 = Debug|Any CPU
		{3c8b46da-c48b-1e71-b86b-f96440f53413}.Debug|Any CPU.ActiveCfg = Debug|Any CPU
		{3c8b46da-c48b-1e71-b86b-f96440f53413}.Debug|Any CPU.Build.0 = Debug|Any CPU
		{36e38447-d390-c7b1-ec21-5fcfc08b5f7c}.Debug|Any CPU.ActiveCfg = Debug|Any CPU
		{36e38447-d390-c7b1-ec21-5fcfc08b5f7c}.Debug|Any CPU.Build.0 = Debug|Any CPU
		{2726a5eb-48ec-ff6c-7a8c-81dd9094e1d5}.Debug|Any CPU.ActiveCfg = Debug|Any CPU
		{2726a5eb-48ec-ff6c-7a8c-81dd9094e1d5}.Debug|Any CPU.Build.0 = Debug|Any CPU
		{76567d37-2ab5-f84d-12c8-ef055793ce2f}.Debug|Any CPU.ActiveCfg = Debug|Any CPU
		{76567d37-2ab5-f84d-12c8-ef055793ce2f}.Debug|Any CPU.Build.0 = Debug|Any CPU
		{c56fd761-981d-5c07-d5ac-a68bd8fc04f2}.Debug|Any CPU.ActiveCfg = Debug|Any CPU
		{c56fd761-981d-5c07-d5ac-a68bd8fc04f2}.Debug|Any CPU.Build.0 = Debug|Any CPU
		{ab75a9aa-82ad-98b3-9fed-b5085f6c23b2}.Debug|Any CPU.ActiveCfg = Debug|Any CPU
		{ab75a9aa-82ad-98b3-9fed-b5085f6c23b2}.Debug|Any CPU.Build.0 = Debug|Any CPU
		{bd353166-e5b2-fc49-fdf1-6c087514a146}.Debug|Any CPU.ActiveCfg = Debug|Any CPU
		{bd353166-e5b2-fc49-fdf1-6c087514a146}.Debug|Any CPU.Build.0 = Debug|Any CPU
		{3a7d38e6-891a-8b11-eeab-2770e0b4cb47}.Debug|Any CPU.ActiveCfg = Debug|Any CPU
		{3a7d38e6-891a-8b11-eeab-2770e0b4cb47}.Debug|Any CPU.Build.0 = Debug|Any CPU
		{b11af874-c183-b1d2-75fa-6f47cd6be161}.Debug|Any CPU.ActiveCfg = Debug|Any CPU
		{b11af874-c183-b1d2-75fa-6f47cd6be161}.Debug|Any CPU.Build.0 = Debug|Any CPU
		{0a59cd57-87b8-ce61-b683-a805f96cb652}.Debug|Any CPU.ActiveCfg = Debug|Any CPU
		{0a59cd57-87b8-ce61-b683-a805f96cb652}.Debug|Any CPU.Build.0 = Debug|Any CPU
		{20988caf-6676-0c0a-befb-437affde4785}.Debug|Any CPU.ActiveCfg = Debug|Any CPU
		{20988caf-6676-0c0a-befb-437affde4785}.Debug|Any CPU.Build.0 = Debug|Any CPU
		{1de4db39-6220-4803-53f6-14ff3d5656eb}.Debug|Any CPU.ActiveCfg = Debug|Any CPU
		{1de4db39-6220-4803-53f6-14ff3d5656eb}.Debug|Any CPU.Build.0 = Debug|Any CPU
		{215f1925-f106-0859-2ba4-2c4ca9e3ef0b}.Debug|Any CPU.ActiveCfg = Debug|Any CPU
		{215f1925-f106-0859-2ba4-2c4ca9e3ef0b}.Debug|Any CPU.Build.0 = Debug|Any CPU
	EndGlobalSection
	GlobalSection(SolutionProperties) = preSolution
		HideSolutionNode = FALSE
	EndGlobalSection
EndGlobal
